Microsoft Visual Studio Solution File, Format Version 12.00
# Visual Studio Version 17
VisualStudioVersion = 17.5.2.0
MinimumVisualStudioVersion = 10.0.40219.1
Project("{FAE04EC0-301F-11D3-BF4B-00C04F79EFBC}") = "DestroySilence", "DestroySilence.csproj", "{9B176EEF-2D06-2344-9F1E-5D7E3BF119B1}"
EndProject
Global
	GlobalSection(SolutionConfigurationPlatforms) = preSolution
		Debug|Any CPU = Debug|Any CPU
		Release|Any CPU = Release|Any CPU
	EndGlobalSection
	GlobalSection(ProjectConfigurationPlatforms) = postSolution
		{9B176EEF-2D06-2344-9F1E-5D7E3BF119B1}.Debug|Any CPU.ActiveCfg = Debug|Any CPU
		{9B176EEF-2D06-2344-9F1E-5D7E3BF119B1}.Debug|Any CPU.Build.0 = Debug|Any CPU
		{9B176EEF-2D06-2344-9F1E-5D7E3BF119B1}.Release|Any CPU.ActiveCfg = Release|Any CPU
		{9B176EEF-2D06-2344-9F1E-5D7E3BF119B1}.Release|Any CPU.Build.0 = Release|Any CPU
	EndGlobalSection
	GlobalSection(SolutionProperties) = preSolution
		HideSolutionNode = FALSE
	EndGlobalSection
	GlobalSection(ExtensibilityGlobals) = postSolution
		SolutionGuid = {84D26772-DFF4-4B0B-8F07-01557B8171EE}
	EndGlobalSection
EndGlobal
